{
  "version": "2",
  "remote": {
    "https://deno.land/std@0.118.0/_util/assert.ts": "2f868145a042a11d5ad0a3c748dcf580add8a0dbc0e876eaa0026303a5488f58",
    "https://deno.land/std@0.118.0/async/deferred.ts": "ab60d46ba561abb3b13c0c8085d05797a384b9f182935f051dc67136817acdee",
    "https://deno.land/std@0.118.0/bytes/bytes_list.ts": "3bff6a09c72b2e0b1e92e29bd3b135053894196cca07a2bba842901073efe5cb",
    "https://deno.land/std@0.118.0/bytes/equals.ts": "69f55fdbd45c71f920c1a621e6c0865dc780cd8ae34e0f5e55a9497b70c31c1b",
    "https://deno.land/std@0.118.0/bytes/mod.ts": "fedb80b8da2e7ad8dd251148e65f92a04c73d6c5a430b7d197dc39588c8dda6f",
    "https://deno.land/std@0.118.0/io/buffer.ts": "8f10342821b81990acf859cdccb4e4031c7c9187a0ffc3ed6b356ee29ecc6681",
    "https://deno.land/std@0.152.0/_util/assert.ts": "e94f2eb37cebd7f199952e242c77654e43333c1ac4c5c700e929ea3aa5489f74",
    "https://deno.land/std@0.152.0/_util/os.ts": "3b4c6e27febd119d36a416d7a97bd3b0251b77c88942c8f16ee5953ea13e2e49",
    "https://deno.land/std@0.152.0/bytes/bytes_list.ts": "aba5e2369e77d426b10af1de0dcc4531acecec27f9b9056f4f7bfbf8ac147ab4",
    "https://deno.land/std@0.152.0/bytes/equals.ts": "3c3558c3ae85526f84510aa2b48ab2ad7bdd899e2e0f5b7a8ffc85acb3a6043a",
    "https://deno.land/std@0.152.0/bytes/mod.ts": "763f97d33051cc3f28af1a688dfe2830841192a9fea0cbaa55f927b49d49d0bf",
    "https://deno.land/std@0.152.0/encoding/hex.ts": "4cc5324417cbb4ac9b828453d35aed45b9cc29506fad658f1f138d981ae33795",
    "https://deno.land/std@0.152.0/fs/_util.ts": "2cf50bfb1081c2d5f2efec10ac19abbc2baf478e51cd1b057d0da2f30585b6ba",
    "https://deno.land/std@0.152.0/fs/walk.ts": "6ce8d87fbaeda23383e979599ad27f3f94b3e5ff0c0cd976b5fc5c2aa0df7d92",
    "https://deno.land/std@0.152.0/io/buffer.ts": "bd0c4bf53db4b4be916ca5963e454bddfd3fcd45039041ea161dbf826817822b",
    "https://deno.land/std@0.152.0/path/_constants.ts": "df1db3ffa6dd6d1252cc9617e5d72165cd2483df90e93833e13580687b6083c3",
    "https://deno.land/std@0.152.0/path/_interface.ts": "ee3b431a336b80cf445441109d089b70d87d5e248f4f90ff906820889ecf8d09",
    "https://deno.land/std@0.152.0/path/_util.ts": "c1e9686d0164e29f7d880b2158971d805b6e0efc3110d0b3e24e4b8af2190d2b",
    "https://deno.land/std@0.152.0/path/common.ts": "bee563630abd2d97f99d83c96c2fa0cca7cee103e8cb4e7699ec4d5db7bd2633",
    "https://deno.land/std@0.152.0/path/glob.ts": "cb5255638de1048973c3e69e420c77dc04f75755524cb3b2e160fe9277d939ee",
    "https://deno.land/std@0.152.0/path/mod.ts": "56fec03ad0ebd61b6ab39ddb9b0ddb4c4a5c9f2f4f632e09dd37ec9ebfd722ac",
    "https://deno.land/std@0.152.0/path/posix.ts": "c1f7afe274290ea0b51da07ee205653b2964bd74909a82deb07b69a6cc383aaa",
    "https://deno.land/std@0.152.0/path/separator.ts": "fe1816cb765a8068afb3e8f13ad272351c85cbc739af56dacfc7d93d710fe0f9",
    "https://deno.land/std@0.152.0/path/win32.ts": "bd7549042e37879c68ff2f8576a25950abbfca1d696d41d82c7bca0b7e6f452c",
    "https://deno.land/std@0.152.0/streams/conversion.ts": "fc3db02026183da795fa32ac7549868e9f19c75ba029d4b4c3739af62b48517a",
    "https://deno.land/std@0.188.0/_util/asserts.ts": "178dfc49a464aee693a7e285567b3d0b555dc805ff490505a8aae34f9cfb1462",
    "https://deno.land/std@0.188.0/_util/os.ts": "d932f56d41e4f6a6093d56044e29ce637f8dcc43c5a90af43504a889cf1775e3",
    "https://deno.land/std@0.188.0/async/abortable.ts": "fd682fa46f3b7b16b4606a5ab52a7ce309434b76f820d3221bdfb862719a15d7",
    "https://deno.land/std@0.188.0/async/deadline.ts": "58f72a3cc0fcb731b2cc055ba046f4b5be3349ff6bf98f2e793c3b969354aab2",
    "https://deno.land/std@0.188.0/async/debounce.ts": "adab11d04ca38d699444ac8a9d9856b4155e8dda2afd07ce78276c01ea5a4332",
    "https://deno.land/std@0.188.0/async/deferred.ts": "42790112f36a75a57db4a96d33974a936deb7b04d25c6084a9fa8a49f135def8",
    "https://deno.land/std@0.188.0/async/delay.ts": "73aa04cec034c84fc748c7be49bb15cac3dd43a57174bfdb7a4aec22c248f0dd",
    "https://deno.land/std@0.188.0/async/mod.ts": "f04344fa21738e5ad6bea37a6bfffd57c617c2d372bb9f9dcfd118a1b622e576",
    "https://deno.land/std@0.188.0/async/mux_async_iterator.ts": "70c7f2ee4e9466161350473ad61cac0b9f115cff4c552eaa7ef9d50c4cbb4cc9",
    "https://deno.land/std@0.188.0/async/pool.ts": "f1b8d3df4d7fd3c73f8cbc91cc2e8b8e950910f1eab94230b443944d7584c657",
    "https://deno.land/std@0.188.0/async/retry.ts": "dd19d93033d8eaddbfcb7654c0366e9d3b0a21448bdb06eba4a7d8a8cf936a92",
    "https://deno.land/std@0.188.0/async/tee.ts": "47e42d35f622650b02234d43803d0383a89eb4387e1b83b5a40106d18ae36757",
    "https://deno.land/std@0.188.0/fmt/colors.ts": "d67e3cd9f472535241a8e410d33423980bec45047e343577554d3356e1f0ef4e",
    "https://deno.land/std@0.188.0/fs/_util.ts": "579038bebc3bd35c43a6a7766f7d91fbacdf44bc03468e9d3134297bb99ed4f9",
    "https://deno.land/std@0.188.0/fs/copy.ts": "14214efd94fc3aa6db1e4af2b4b9578e50f7362b7f3725d5a14ad259a5df26c8",
    "https://deno.land/std@0.188.0/fs/empty_dir.ts": "c3d2da4c7352fab1cf144a1ecfef58090769e8af633678e0f3fabaef98594688",
    "https://deno.land/std@0.188.0/fs/ensure_dir.ts": "dc64c4c75c64721d4e3fb681f1382f803ff3d2868f08563ff923fdd20d071c40",
    "https://deno.land/std@0.188.0/http/server.ts": "1b23463b5b36e4eebc495417f6af47a6f7d52e3294827a1226d2a1aab23d9d20",
    "https://deno.land/std@0.188.0/path/_constants.ts": "e49961f6f4f48039c0dfed3c3f93e963ca3d92791c9d478ac5b43183413136e0",
    "https://deno.land/std@0.188.0/path/_interface.ts": "6471159dfbbc357e03882c2266d21ef9afdb1e4aa771b0545e90db58a0ba314b",
    "https://deno.land/std@0.188.0/path/_util.ts": "d7abb1e0dea065f427b89156e28cdeb32b045870acdf865833ba808a73b576d0",
    "https://deno.land/std@0.188.0/path/common.ts": "ee7505ab01fd22de3963b64e46cff31f40de34f9f8de1fff6a1bd2fe79380000",
    "https://deno.land/std@0.188.0/path/glob.ts": "d479e0a695621c94d3fd7fe7abd4f9499caf32a8de13f25073451c6ef420a4e1",
    "https://deno.land/std@0.188.0/path/mod.ts": "ee161baec5ded6510ee1d1fb6a75a0f5e4b41f3f3301c92c716ecbdf7dae910d",
    "https://deno.land/std@0.188.0/path/posix.ts": "8b7c67ac338714b30c816079303d0285dd24af6b284f7ad63da5b27372a2c94d",
    "https://deno.land/std@0.188.0/path/separator.ts": "0fb679739d0d1d7bf45b68dacfb4ec7563597a902edbaf3c59b50d5bcadd93b1",
    "https://deno.land/std@0.188.0/path/win32.ts": "d186344e5583bcbf8b18af416d13d82b35a317116e6460a5a3953508c3de5bba",
    "https://deno.land/std@0.76.0/encoding/base64.ts": "b1d8f99b778981548457ec74bc6273ad785ffd6f61b2233bd5b30925345b565d",
    "https://deno.land/x/denoflate@1.2.1/mod.ts": "f5628e44b80b3d80ed525afa2ba0f12408e3849db817d47a883b801f9ce69dd6",
    "https://deno.land/x/denoflate@1.2.1/pkg/denoflate.js": "b9f9ad9457d3f12f28b1fb35c555f57443427f74decb403113d67364e4f2caf4",
    "https://deno.land/x/denoflate@1.2.1/pkg/denoflate_bg.wasm.js": "d581956245407a2115a3d7e8d85a9641c032940a8e810acbd59ca86afd34d44d",
    "https://deno.land/x/esbuild@v0.17.19/mod.js": "7f4398625828a42fcb2c32da5eb874f16341d778e473d5403e5ebeee95a5b96b",
    "https://deno.land/x/esbuild_serve@1.2.4/features/devserver.ts": "6e0679880c554ba8f6ee9b3b2b52e21518517601b02184d69c7b093e18b9e89d",
    "https://deno.land/x/esbuild_serve@1.2.4/features/filesystem.ts": "b581d14384c84d4bdbc092908f4aeb07a38ec35ef252de3bc7fc51ce72dbc8bf",
    "https://deno.land/x/esbuild_serve@1.2.4/features/httpImports.ts": "ed365938bc212409ee786505e5d0fc891f9a87397d0b5a14e39fe829ff78f97f",
    "https://deno.land/x/esbuild_serve@1.2.4/features/templates.ts": "4fd575539b9c04d6b2e897a02e1b5f4ebc341d39d6b3c70d6541f47d26bf31d9",
    "https://deno.land/x/esbuild_serve@1.2.4/mod.ts": "c874de6a19604dc5c18d9e23e2db635506e550f8fd453e833037dbbdbc9a7a0b",
    "https://deno.land/x/esbuild_serve@1.2.4/types.ts": "a33cdf88e73c98d6464350a0a841abb0a271a8162db884b4695f985923b3b994",
    "https://deno.land/x/event@2.0.0/mod.ts": "8eb8bc72d29b332cc9db426f704c7606436077b4bb12e968590045d3460fbe2e",
    "https://deno.land/x/eventsource@v0.0.3/mod.ts": "d54e3a6ff44f2061bc104dc88caaedac01fc3da9be5cd4f1eca7daa7e45bf07f",
    "https://deno.land/x/fetchbase64@1.0.0/deps.ts": "2f44013a40540650b346d36b6aae141207b39426fca02ec5292d9d4d5f33f4ac",
    "https://deno.land/x/fetchbase64@1.0.0/mod.ts": "f4551a2ecf41f560dcd12c6c8cf65b5246458b2b9b2b2836693a3410b15ca82f",
    "https://deno.land/x/fetchbase64@1.0.0/src/auto.ts": "77a20763dd250b71af0ff7abe11a37722c0ee637cd1feafe4afd081f7d04e868",
    "https://deno.land/x/fetchbase64@1.0.0/src/local.ts": "53a9d0157419f3bc1aac6440549adac529c475042d2391532618242a883f96c9",
    "https://deno.land/x/fetchbase64@1.0.0/src/remote.ts": "95320d1e2cba524099f18a446195388de31281e713ec6c86e46f9d20bb6db736",
    "https://deno.land/x/harmony@v2.8.0/deps.ts": "78bbbb60e94653d0ce538981cb63dd605a21878bccde28fd726604968ef09148",
    "https://deno.land/x/harmony@v2.8.0/mod.ts": "91fb7c29642ec7dd2ffd5ff4d29e6a69021c9be43f8ffc54796af72d35e2eaa3",
    "https://deno.land/x/harmony@v2.8.0/src/cache/adapter.ts": "227cfd1fca519f8c0c37621c3706fdc249ec9df1043aaaad96894341ffeceb43",
    "https://deno.land/x/harmony@v2.8.0/src/cache/default.ts": "c728244b49405c08e0390a73d3712a19f110cd8d1f5473d2849311ac513d5a85",
    "https://deno.land/x/harmony@v2.8.0/src/cache/mod.ts": "e8cc80c705c86954a8544ec311f07a65600af38890a3c7124410c45a91968d0a",
    "https://deno.land/x/harmony@v2.8.0/src/cache/redis.ts": "a217d8231aab7621c1ea63e62e0bdafe8a5c21157f62064ad62a815656757829",
    "https://deno.land/x/harmony@v2.8.0/src/client/client.ts": "acc14c5df4e619faa2148f5a34fc210d2e57bdb7e38330d33bab0c1d404c385a",
    "https://deno.land/x/harmony@v2.8.0/src/client/collectors.ts": "f8f4d80b5bdac255ffcf725a702f7180cf92678288137fa2d96399a102197553",
    "https://deno.land/x/harmony@v2.8.0/src/client/mod.ts": "705b82fd8b2b5c32df18f356de57a4d9e4377a0cd2a0ca17cfb00e4b042be3ac",
    "https://deno.land/x/harmony@v2.8.0/src/client/shard.ts": "f4d0017f613ec1e2b34fe52e69633ab0d2659167b1110893df65f8a2359acfdd",
    "https://deno.land/x/harmony@v2.8.0/src/client/voice.ts": "dd403cec0ea8db33b41194df3f3264e0a4907190054bf2dbfe1b56dce51f31b3",
    "https://deno.land/x/harmony@v2.8.0/src/commands/client.ts": "7f8261e3062ddebad42b48ed817a6c27191775bb7795f50e55b97e02eaf64973",
    "https://deno.land/x/harmony@v2.8.0/src/commands/command.ts": "c5d6431cc194bb29ca83e4a694386b99505b3c64cf099d0aa75b3586e7567890",
    "https://deno.land/x/harmony@v2.8.0/src/commands/extension.ts": "242d24b1ecd07b20f96b7ba571411417b3017b2c0e42059428e558e90df11365",
    "https://deno.land/x/harmony@v2.8.0/src/gateway/handlers/channelCreate.ts": "b95620f1b8f6d1291499860f1a93109b59c1d43f364fa2ea345fab94475b242f",
    "https://deno.land/x/harmony@v2.8.0/src/gateway/handlers/channelDelete.ts": "471fc308d6a34de0d88cb602964a064d8065e622c2b7bfc0e9b14285560cb19b",
    "https://deno.land/x/harmony@v2.8.0/src/gateway/handlers/channelPinsUpdate.ts": "f2e400aeb9a83509fbf338a3f445aabaa9f2513e6e12b344c993ddaddd8e00cb",
    "https://deno.land/x/harmony@v2.8.0/src/gateway/handlers/channelUpdate.ts": "c335b9e98a72a8b6772122a2649424f22b42ad2706a451eb934063eb327d06cc",
    "https://deno.land/x/harmony@v2.8.0/src/gateway/handlers/guildBanAdd.ts": "4aea7c19fde3d19be593c219a1325d75e5a1fa27aa5a1e6e52e59cc3fccdb270",
    "https://deno.land/x/harmony@v2.8.0/src/gateway/handlers/guildBanRemove.ts": "7416b0fd4c0953a35c5d2027154505010ae08ca219839233cc6f9cad00d4bf7d",
    "https://deno.land/x/harmony@v2.8.0/src/gateway/handlers/guildCreate.ts": "30e9044e7a179d71089d4215ee6902a5ef320200a9b43c0d51180ac99bffbb85",
    "https://deno.land/x/harmony@v2.8.0/src/gateway/handlers/guildDelete.ts": "3af16441faad0f125a970809409b5513a767e0ac2ba53d79ae0363ea7de3fdd4",
    "https://deno.land/x/harmony@v2.8.0/src/gateway/handlers/guildEmojiUpdate.ts": "0e3b853317755e0b4221a8a259a6635b330e93c05cc347b847a2fc199135128e",
    "https://deno.land/x/harmony@v2.8.0/src/gateway/handlers/guildIntegrationsUpdate.ts": "8a29116d28cf14464ede93abd2475e806a88685ebb6877cce8967d5dbfd8c0e7",
    "https://deno.land/x/harmony@v2.8.0/src/gateway/handlers/guildMemberAdd.ts": "de2551f1ebed02f37d8cf828691f4e753677fcc586e8d3a73165e4416513b3e3",
    "https://deno.land/x/harmony@v2.8.0/src/gateway/handlers/guildMemberRemove.ts": "27c57911d5a68b5b7a2487c796b1289fa23e1d0e17536b22abaeb56dd8004a2e",
    "https://deno.land/x/harmony@v2.8.0/src/gateway/handlers/guildMemberUpdate.ts": "275946ff6af9369f4a4540eb776585d87e48e4ba950d1d6dd4941d7f399b2de3",
    "https://deno.land/x/harmony@v2.8.0/src/gateway/handlers/guildMembersChunk.ts": "a4fbc4b8c01b65dd77e1454e49d770a63a1240c06e8fb8c052bd3682c97134f7",
    "https://deno.land/x/harmony@v2.8.0/src/gateway/handlers/guildRoleCreate.ts": "10e17b837fd66a258136f9d96471d1c3cc1a9c058fddb59ec55521f79768f264",
    "https://deno.land/x/harmony@v2.8.0/src/gateway/handlers/guildRoleDelete.ts": "5ae8e25d20aab648ad30bc143f03347d062459b08470e27b8c9873477126de8f",
    "https://deno.land/x/harmony@v2.8.0/src/gateway/handlers/guildRoleUpdate.ts": "94a23201e8c21bb763b3d8845cf3991c2b618433a089e849c2c399eb71183ceb",
    "https://deno.land/x/harmony@v2.8.0/src/gateway/handlers/guildStickersUpdate.ts": "5bd32d928ab2af388e2f876720f4c89c478209617af80f00655ab227cdd76b2a",
    "https://deno.land/x/harmony@v2.8.0/src/gateway/handlers/guildUpdate.ts": "ced94b0bea8e494cbef8e61a8576f71416eaee79718a64dc59d43883abe7f075",
    "https://deno.land/x/harmony@v2.8.0/src/gateway/handlers/interactionCreate.ts": "403ee91ea497fd5585c6b95bf9a54c66b0de90698e709819f27ad6caad042237",
    "https://deno.land/x/harmony@v2.8.0/src/gateway/handlers/inviteCreate.ts": "c6a219ee104d965f6b5eabd7069d0e6f2e02f19a723b3681ecd2a28d8cddca95",
    "https://deno.land/x/harmony@v2.8.0/src/gateway/handlers/inviteDelete.ts": "a0bf84cd89c6cb4ceb8e9b0bc88eacadf130ea52fc1f133ab386eada5194257c",
    "https://deno.land/x/harmony@v2.8.0/src/gateway/handlers/messageCreate.ts": "1e01a947fc730bb26aab1a4f856f0f806783c6457f70004cfe3f2e8a9def1745",
    "https://deno.land/x/harmony@v2.8.0/src/gateway/handlers/messageDelete.ts": "2536d7466a16950bd4d5f1b7e4139f707e6b99cc57141d2f9727033664ffd45c",
    "https://deno.land/x/harmony@v2.8.0/src/gateway/handlers/messageDeleteBulk.ts": "5ef5a39281ca4dd2826156480a288d2c3a4247291d2035768448cfc95bd14aa4",
    "https://deno.land/x/harmony@v2.8.0/src/gateway/handlers/messageReactionAdd.ts": "e799f656096d9225e053bd9666294c5bb4f31896fd1a8c7682fcf0469bd3f482",
    "https://deno.land/x/harmony@v2.8.0/src/gateway/handlers/messageReactionRemove.ts": "988481427bf99db045ee830d5145317a0c0b6500a39b242e99cb53454993cc3b",
    "https://deno.land/x/harmony@v2.8.0/src/gateway/handlers/messageReactionRemoveAll.ts": "809b99d690ab54653485062fe2be72464bcf265ef4d0d329a0351b01cbe050f5",
    "https://deno.land/x/harmony@v2.8.0/src/gateway/handlers/messageReactionRemoveEmoji.ts": "183955ca5be09a222aac21f4b765547eb081a7cd9c2b6ff6cfdf20e6c0a27905",
    "https://deno.land/x/harmony@v2.8.0/src/gateway/handlers/messageUpdate.ts": "20b8ac5fa5a3cf4354e563a7ddc74c2e5b8c902e23091c5a9321b7bd89eb95b7",
    "https://deno.land/x/harmony@v2.8.0/src/gateway/handlers/mod.ts": "5ea39794c52dd7b341cab8f30aabd9bb05691b71494b3c8d538ef3387e50b62c",
    "https://deno.land/x/harmony@v2.8.0/src/gateway/handlers/presenceUpdate.ts": "bedd2c3f371b9a8b6238f7b7e15c683d1f26618faa6137270401dde3a12520cf",
    "https://deno.land/x/harmony@v2.8.0/src/gateway/handlers/ready.ts": "fb5e5c898b2228d0efb411d497ed4b5cb5623768487f7e36a4b855968f91ef00",
    "https://deno.land/x/harmony@v2.8.0/src/gateway/handlers/reconnect.ts": "b0b4fff4f47de44f0637ad7aea0920b775731dee15ea07c355741374e0676f04",
    "https://deno.land/x/harmony@v2.8.0/src/gateway/handlers/resume.ts": "0b710b10459c523015541ab9a2150a4ded333d769d8f1d7c644b64b065639fcc",
    "https://deno.land/x/harmony@v2.8.0/src/gateway/handlers/threadCreate.ts": "591982967e164354d42050a0f7fcc62a772d4e464c66462928c5cf8ee6b0753f",
    "https://deno.land/x/harmony@v2.8.0/src/gateway/handlers/threadDelete.ts": "29ee5a3dd5e10fdbbc6974025d8746baaeb03362e0f8aeef07cdaae625958b28",
    "https://deno.land/x/harmony@v2.8.0/src/gateway/handlers/threadListSync.ts": "0bc0f553f9776049289ebe79acde0a13e472da379ddfee59e8e25e5b02947d2b",
    "https://deno.land/x/harmony@v2.8.0/src/gateway/handlers/threadMemberUpdate.ts": "ebd1bf33a5247f74c095d5f8b3df36f71f842a9b203be00be40579df11b7aea4",
    "https://deno.land/x/harmony@v2.8.0/src/gateway/handlers/threadMembersUpdate.ts": "1757a014a012cc444ad42afe00c31194b00a33583853a5744484b6ada3e5d344",
    "https://deno.land/x/harmony@v2.8.0/src/gateway/handlers/threadUpdate.ts": "4ada9ee46f8620d9b7f2e070c2d59b816643a27c556b246c4033173da71011c4",
    "https://deno.land/x/harmony@v2.8.0/src/gateway/handlers/typingStart.ts": "4eda773351b78ecaddb3339f0a42a81a2c9227666515caf71c20e2b5301d2c7f",
    "https://deno.land/x/harmony@v2.8.0/src/gateway/handlers/userUpdate.ts": "3ae2b0b590fcb09e36a45e07973e20703ae5b57a3ada2806dce99e25aed01126",
    "https://deno.land/x/harmony@v2.8.0/src/gateway/handlers/voiceServerUpdate.ts": "67ebe6b1a99ec6589b6dc575cd2a088b4afd7dbf849e61355400bf3342393d7e",
    "https://deno.land/x/harmony@v2.8.0/src/gateway/handlers/voiceStateUpdate.ts": "99b9ff2ef5c0520a0c5f62287630e266ab4965757ef9bd5f7ac05bf44461e31d",
    "https://deno.land/x/harmony@v2.8.0/src/gateway/handlers/webhooksUpdate.ts": "04991c8e12ad97a32c502d2e55cf80d1ade2cc7e2bdd6ae00105a4a01b48c10b",
    "https://deno.land/x/harmony@v2.8.0/src/gateway/mod.ts": "3545e0b45809bf20d9924d4e64eb17e5dcc881077a3bddc93a6b076a0fb4218b",
    "https://deno.land/x/harmony@v2.8.0/src/interactions/applicationCommand.ts": "04145a73c69690ca7522a1e2a9786a6d8817075c1531dec1f93f80632922ca16",
    "https://deno.land/x/harmony@v2.8.0/src/interactions/client.ts": "79db031e88aa9476fd8005bc916b6bc22b045fb8b3d59eba11d7f126aa3b2546",
    "https://deno.land/x/harmony@v2.8.0/src/interactions/commandModule.ts": "e0b72c3f3d6428c0d8150eadabb148a62f5403ca1f9f80ba3f2f574f96a430a4",
    "https://deno.land/x/harmony@v2.8.0/src/interactions/decorators.ts": "64c03dc7a084fff2ff86ad548fd4513203f235c06eef5103048ed3d977243a59",
    "https://deno.land/x/harmony@v2.8.0/src/interactions/mod.ts": "561ab4a9737e2cec6d0c26bcfd7f4517b9373161ee7e213d1a4e46789ab5dda5",
    "https://deno.land/x/harmony@v2.8.0/src/interactions/tsxComponents.ts": "c52ad758e52a7fc9d688726fa17445895fac5b9b10520bb19c63975d72affd1d",
    "https://deno.land/x/harmony@v2.8.0/src/managers/base.ts": "73e09354fac5ca7b0a0f74f0253ea7d5b0bdd16da7ede2531ab85876b652f6cf",
    "https://deno.land/x/harmony@v2.8.0/src/managers/baseChild.ts": "86045ed5559bb611f509952aa2988c1e3ec07b4bbce0ed3ea9c0c90b2c9e1bf3",
    "https://deno.land/x/harmony@v2.8.0/src/managers/channelThreads.ts": "e422ac6c31095fe27c1ed7b87ccb35a7dd5da51abeba60bcecceac37eb08254a",
    "https://deno.land/x/harmony@v2.8.0/src/managers/channels.ts": "5a5f9dd94fb41198294d6de9d2182a5b99ee2b3f1601c38bbbada936b33fa0da",
    "https://deno.land/x/harmony@v2.8.0/src/managers/emojis.ts": "e9a73ebc02a68a54037c793286b2cc094cb89b31e8f32da0b53d37dd90a64c3c",
    "https://deno.land/x/harmony@v2.8.0/src/managers/gatewayCache.ts": "8f673dde8a19e0339781f63268fa06b883645726a1e4d90b5dc3a6f891890613",
    "https://deno.land/x/harmony@v2.8.0/src/managers/guildChannelVoiceStates.ts": "2e3f0e5cc0ff722463d8ef5e65671f1081e82f668a3e4f49407aa45a7b7e1933",
    "https://deno.land/x/harmony@v2.8.0/src/managers/guildChannels.ts": "86a01d0354ae2976b46d07032863a06e21e80c3bcb8ba8c202bcad0cb6ed478a",
    "https://deno.land/x/harmony@v2.8.0/src/managers/guildEmojis.ts": "d2ebeb4810f1dce1033bcae2d59f3829bb2c4e5701718b9e1e3ecaa56eb67304",
    "https://deno.land/x/harmony@v2.8.0/src/managers/guildStickers.ts": "e08c0bb3ad60dcda71e6be59d2d8a73ab605cd0b1aed7e93d6c4927e33260695",
    "https://deno.land/x/harmony@v2.8.0/src/managers/guildVoiceStates.ts": "3dcc714aa2cd1848e684bb5ce8052550b4d970858d329ecb28acbc2f8656ca9b",
    "https://deno.land/x/harmony@v2.8.0/src/managers/guilds.ts": "8695a6e28ad73b3650a260bf90ca5ec33e18cf5ef3bf27676cda0198b2046bdb",
    "https://deno.land/x/harmony@v2.8.0/src/managers/invites.ts": "863f8b6671df1a27ec9297a146c9df082cfe0589d047aaf010722d186fc24ea5",
    "https://deno.land/x/harmony@v2.8.0/src/managers/memberRoles.ts": "0e453d3c16e94c360c7877c1fc5e42a5a85b63dc595a7b61edfe1849ad8ef100",
    "https://deno.land/x/harmony@v2.8.0/src/managers/members.ts": "3fa5d9f6235b699ab9d85b698816f9e576d3c74c7ef865a331cf977ff545d162",
    "https://deno.land/x/harmony@v2.8.0/src/managers/messageReactions.ts": "83dedcaedd55a1a39c9686ab09f7c200cc27e2f787dac598a75378f899c5df86",
    "https://deno.land/x/harmony@v2.8.0/src/managers/messages.ts": "eb044effe3d5b3993b82517562001de8c0597995be4e5a25c2fd0504483eb2dd",
    "https://deno.land/x/harmony@v2.8.0/src/managers/presences.ts": "3e417198f46cb4848fb75dd3b3cd0a705c5ee7158e982cb39e16df6e8a1e1174",
    "https://deno.land/x/harmony@v2.8.0/src/managers/reactionUsers.ts": "47e52f1f4282134f917373baae4fbc606da33ba3daf0a9149158c947f8bbe6c1",
    "https://deno.land/x/harmony@v2.8.0/src/managers/roles.ts": "2c2ece8446de602df9f5caf75887c216c35d7efc0926dde1b30f430053b3238e",
    "https://deno.land/x/harmony@v2.8.0/src/managers/stickers.ts": "4b93f511a2e67ea1ca5513075f85109da0f88feaa89aceb0efd1c007ec94fc67",
    "https://deno.land/x/harmony@v2.8.0/src/managers/threadMembers.ts": "2530754630d1e537e5849e5f552281fee65dde79eb7a727d481e0881135cce54",
    "https://deno.land/x/harmony@v2.8.0/src/managers/threads.ts": "c12bb7db6e1c66467e0061fa6917e1cd6f31c671a99e51d14371410eb7542453",
    "https://deno.land/x/harmony@v2.8.0/src/managers/users.ts": "05c04b5712b69c183649d3b7366021093abe214c76da92d88b17a400cb93b873",
    "https://deno.land/x/harmony@v2.8.0/src/rest/bucket.ts": "9346c7b2303dad44b4f4b2fbceb2b0c7daae6c25caf4ca2e92e79e39eabd20da",
    "https://deno.land/x/harmony@v2.8.0/src/rest/endpoints.ts": "1c02757d57049ce81b0dab03e7dd6672e1de553d5b4e81beb9a1e64de46ececf",
    "https://deno.land/x/harmony@v2.8.0/src/rest/error.ts": "bd8bb46443c3d0bb5e60f3ad87e080e11ac132c4a4dc58afa2c48d94c35e794e",
    "https://deno.land/x/harmony@v2.8.0/src/rest/manager.ts": "4174496bef6626c91d9afbd06a1ca8992c8dc0046ecff2825ababea93ba31ec2",
    "https://deno.land/x/harmony@v2.8.0/src/rest/mod.ts": "96b368e712eda4aceba394061c74f98a9ce157f924c9fc0b7fdde592d6162289",
    "https://deno.land/x/harmony@v2.8.0/src/rest/queue.ts": "b4af52191b6315ab34652ef385d99866c062d2973c6d3599a184fb44bbc66fda",
    "https://deno.land/x/harmony@v2.8.0/src/rest/request.ts": "c8b3f923e800ae6f87b37f1208724f7079b5ff5c6bbc9135ae906afb316b5e18",
    "https://deno.land/x/harmony@v2.8.0/src/rest/types.ts": "6c8abf8fe7302d6256c7424dbeee7f447b2521c54150f46e35b18eef1508b9eb",
    "https://deno.land/x/harmony@v2.8.0/src/structures/application.ts": "4f6113b54fa0c3028d98588c7579d80d13b78053e9210a453dfd297c374b6897",
    "https://deno.land/x/harmony@v2.8.0/src/structures/applicationCommand.ts": "ed0a34666ad3d6948cbeea3cd6b1fca1cc8019c9089c3af3b1510abc77cfd789",
    "https://deno.land/x/harmony@v2.8.0/src/structures/autocompleteInteraction.ts": "c4f046e49f18792b58fae66026e05e65ebd98ab361b1816771226fafc1f140a7",
    "https://deno.land/x/harmony@v2.8.0/src/structures/base.ts": "65c28b3a0711a78f0dd54b4230bd94497b74ea3cf267c78b7948849ea9e7707c",
    "https://deno.land/x/harmony@v2.8.0/src/structures/cdn.ts": "32bd607b16328cf2123eceb5d96d4e40285591b56b91d058ce160035d79c1cd2",
    "https://deno.land/x/harmony@v2.8.0/src/structures/channel.ts": "5c05bf9a3db901fc177db6f1d104b9d32728555a0faa9fb6b19e47bd36815167",
    "https://deno.land/x/harmony@v2.8.0/src/structures/dmChannel.ts": "bc142161003c0799187b5be92c0785e02e3ae63ad4ee98de5a0b3fc27b3fe019",
    "https://deno.land/x/harmony@v2.8.0/src/structures/embed.ts": "8429e9eb0e72185fb4980e02c8e70269f0811ff8a3207273ff10e4001e563338",
    "https://deno.land/x/harmony@v2.8.0/src/structures/emoji.ts": "6475074e49505ddfb58005f7fe4f5bf0780249f963fc8f0423e689de3b5f535d",
    "https://deno.land/x/harmony@v2.8.0/src/structures/groupChannel.ts": "df255e1926e44db28c9add22d09c3b57f58d8791cd98c935669903f1b02c10a6",
    "https://deno.land/x/harmony@v2.8.0/src/structures/guild.ts": "48aa47b8b63ebce26885330e33bd5f2ff195df822b98daec4d67a7768d57469b",
    "https://deno.land/x/harmony@v2.8.0/src/structures/guildCategoryChannel.ts": "2558eb08fff2225d5355af086929b576d756eddb3d195bd47aacea25f9689761",
    "https://deno.land/x/harmony@v2.8.0/src/structures/guildForumChannel.ts": "2b7e4259417bd6fc49a08efe293e74fb697d8cc29510787d6667931ba9289d96",
    "https://deno.land/x/harmony@v2.8.0/src/structures/guildNewsChannel.ts": "c55db2360836e8453c266074a5b9e00c3ed422ab0d9007752b8d1b3453beeb32",
    "https://deno.land/x/harmony@v2.8.0/src/structures/guildStageVoiceChannel.ts": "2ab0fe6eb1d56557853770b4264ed73c72ad2df3e6dea7841bf1bca3232791fc",
    "https://deno.land/x/harmony@v2.8.0/src/structures/guildStoreChannel.ts": "5945c5f648a2b4cbb2ea13aefb31d8d092596e83fbcf83a0eaa9258a107c7529",
    "https://deno.land/x/harmony@v2.8.0/src/structures/guildTextChannel.ts": "9fe63c16ae66ef038abd4e54164d5eb8786e41369de75a65a71ca351b4ea3aeb",
    "https://deno.land/x/harmony@v2.8.0/src/structures/guildThreadAvailableChannel.ts": "aaff836c02854988ca526089545b136889b52f0a891a831af3d81c39cbf81e45",
    "https://deno.land/x/harmony@v2.8.0/src/structures/guildVoiceChannel.ts": "b4da6100ce58292d5b5942e88f8cf5fa047505239afd4a28a00a1f24650ecd90",
    "https://deno.land/x/harmony@v2.8.0/src/structures/guildVoiceStageChannel.ts": "2ab0fe6eb1d56557853770b4264ed73c72ad2df3e6dea7841bf1bca3232791fc",
    "https://deno.land/x/harmony@v2.8.0/src/structures/interactions.ts": "00c5e56cd193cd8d00dcb3248a8bb85ce082b73ad2cc73d56d0e2e5bedbb874f",
    "https://deno.land/x/harmony@v2.8.0/src/structures/invite.ts": "f4d5cbf29a11313265cd82b431db2b683d1186e935e9c7d121413c5e4939d221",
    "https://deno.land/x/harmony@v2.8.0/src/structures/member.ts": "92ebf0203cf97d3f61d538aa5a7d68c217e861569759467c785a209c3d3ed9d3",
    "https://deno.land/x/harmony@v2.8.0/src/structures/message.ts": "22ca219758280dca020d9cf89c19928a90aa229940181aa916756ae3e1d557aa",
    "https://deno.land/x/harmony@v2.8.0/src/structures/messageComponents.ts": "9694177a16fa091427eb094316f7c3b8779737dd0e13dae78bc98b63a8e571dc",
    "https://deno.land/x/harmony@v2.8.0/src/structures/messageMentions.ts": "363daa4587bb603b9db0d7faaa68d6d5775e7300e08df2863619a3afe8c1c8d2",
    "https://deno.land/x/harmony@v2.8.0/src/structures/messageReaction.ts": "52d7f0ba482b338fa5a7fb74964fa2ee7a2fe6f28257f5f17bd7240102afb6f8",
    "https://deno.land/x/harmony@v2.8.0/src/structures/messageSticker.ts": "2392ef407bbae90da120c6cf08b583d2153744cb79cb1d680e65e2fde5df024d",
    "https://deno.land/x/harmony@v2.8.0/src/structures/modalSubmitInteraction.ts": "b3b7c72ddff3f3de07200fc890af354a281ef7e185c5edc55a1640edc5d57cce",
    "https://deno.land/x/harmony@v2.8.0/src/structures/presence.ts": "5afca6323bf067d184319813f0b2223114b0d2aa1ececf60af2e68ebe72fd721",
    "https://deno.land/x/harmony@v2.8.0/src/structures/resolvable.ts": "762c5954860ba2849dd1227fd9f76d8aee87a9f03741950e75db370f64328258",
    "https://deno.land/x/harmony@v2.8.0/src/structures/role.ts": "ea70392f0763c3c463fff5d60e522d987fc149a9d5c244926ca696d531e6941f",
    "https://deno.land/x/harmony@v2.8.0/src/structures/team.ts": "7f98de7356ba4925d42cc32107347d8e33a0fc3dcfab15bc070e3c698b47548d",
    "https://deno.land/x/harmony@v2.8.0/src/structures/template.ts": "68021bde76a50ea18f132cb8b6590a798962ba043fb7a2cb1b55ef2aaea5df4b",
    "https://deno.land/x/harmony@v2.8.0/src/structures/textChannel.ts": "c97c5596a459ad0088dfa211eb2d84d34600e6a5a00c9bdffb42ec6f1d8f61bf",
    "https://deno.land/x/harmony@v2.8.0/src/structures/threadChannel.ts": "46629b4480f4e8d0aabd1c24d98fd77de3461f55181114af3b8c70d61ba57fb0",
    "https://deno.land/x/harmony@v2.8.0/src/structures/user.ts": "efde3aeec1b67f15977d3680d7727ecccebc3ef38a8f3ff8dd312dd7ab9d8a01",
    "https://deno.land/x/harmony@v2.8.0/src/structures/voiceState.ts": "b4e96b47e98310337ec6aa95db12d299e7d46ada98b68f89c305dd91682fef14",
    "https://deno.land/x/harmony@v2.8.0/src/structures/webhook.ts": "50a3c3770a4b878b086dfc8cd9266d8b65bfddda75f5f5f7c19053a0acbf7c6f",
    "https://deno.land/x/harmony@v2.8.0/src/types/application.ts": "44b7a4c034178bd02b139b232167d5bca444fafa3272c0ee1472308ddb794012",
    "https://deno.land/x/harmony@v2.8.0/src/types/applicationCommand.ts": "81baed6cb65ed07d8f0ff5ce616617161bdd18fe7a9cad273033209b04d2e74c",
    "https://deno.land/x/harmony@v2.8.0/src/types/cdn.ts": "681ee16ca3424d4002341f90452d2aec618155e7bbfb81589236122a2bd4cc4c",
    "https://deno.land/x/harmony@v2.8.0/src/types/channel.ts": "f19795f1aca0e6e2676645bc04dcf96648ce68a784c9fd57dbc0315bd7b37e4b",
    "https://deno.land/x/harmony@v2.8.0/src/types/constants.ts": "5a56ec0c1145ca3025de92278145113390ebe2c56cecd13f3a3d02feafe7b7ba",
    "https://deno.land/x/harmony@v2.8.0/src/types/emoji.ts": "96751c5e7a12f033f7bea536387e9a6a8e3afea6759970afc58ea80694419ec9",
    "https://deno.land/x/harmony@v2.8.0/src/types/endpoint.ts": "84715f8bd5fe4d0905913530d0bb55f08230a17ee16cba3d1feb7b939c31ff9c",
    "https://deno.land/x/harmony@v2.8.0/src/types/gateway.ts": "c85df4550e1ee0d3a5a64b2098c60b1c4fcfa1beafad6118ec784a1508e5df09",
    "https://deno.land/x/harmony@v2.8.0/src/types/gatewayResponse.ts": "111ee1bfbf341370345547a7e2f041cce47953679c9698df8c4c1e2fed1d0b21",
    "https://deno.land/x/harmony@v2.8.0/src/types/guild.ts": "7d88bfd1b6954fd1dd67a8a3518565244736264a47b629feeb6256986883c3e2",
    "https://deno.land/x/harmony@v2.8.0/src/types/interactions.ts": "fbffb40948c8344453b24eeb6fde137cc207830948e4d4907406aab5ab01b994",
    "https://deno.land/x/harmony@v2.8.0/src/types/invite.ts": "90972a222decf5b0b5ecaab92b0fd0d817febc24a1cb7eaebebbbd19030a86b7",
    "https://deno.land/x/harmony@v2.8.0/src/types/messageComponents.ts": "aa0745f118fdc00540cf6e3b5dc679738953d6647b253a15f7b473fba9b985b2",
    "https://deno.land/x/harmony@v2.8.0/src/types/permissionFlags.ts": "3c492485876091b3c513284bbde420c50ebe7f067634d3d55fb38338a179f1de",
    "https://deno.land/x/harmony@v2.8.0/src/types/presence.ts": "57ff0972e55a1573b93f241184eb4987582c4955ad3ff2a29d569e04938477e8",
    "https://deno.land/x/harmony@v2.8.0/src/types/role.ts": "7fae955c86d93ee52f63104716c9bd0ee222c1fca1e8c5e4420e8b1bbe28c60d",
    "https://deno.land/x/harmony@v2.8.0/src/types/user.ts": "ef9fd2c6ce2e974ee4793738834e032ca010a7145105d7c8616af177c49d00ab",
    "https://deno.land/x/harmony@v2.8.0/src/types/userFlags.ts": "fe49dbaba9b506a725316c7094c91c8c974d8f43bdae09071548e5a21ba83ecc",
    "https://deno.land/x/harmony@v2.8.0/src/utils/bitfield.ts": "eb20ca0f5137b7d7449ef4005f75cc8224d42b415ffeffdab63650d110a385ab",
    "https://deno.land/x/harmony@v2.8.0/src/utils/channel.ts": "9eca98df912ddf471b54c9b57a03006f0f5790ded6160addfd496624bfa77f5d",
    "https://deno.land/x/harmony@v2.8.0/src/utils/channelTypes.ts": "7caa4b94df51f19be52f798f3ee878d80adf56c29c507cfb316575ec63301c77",
    "https://deno.land/x/harmony@v2.8.0/src/utils/collection.ts": "d99226afc4dbe0ef63c07b4a00a0e969d93daa87fcbdef6d6466a42409a45c0d",
    "https://deno.land/x/harmony@v2.8.0/src/utils/colorutil.ts": "f3f728be62d366fdb2cbccf486cea027210af885bdbb1f832dfa4db34712f3c8",
    "https://deno.land/x/harmony@v2.8.0/src/utils/command.ts": "6ea7942006c9714c988b67886c0d487ae618e5b1501a49d1a16239815ad15f61",
    "https://deno.land/x/harmony@v2.8.0/src/utils/components.ts": "7a925c5d2f42e4989b7e3a5cbf36fcf7a82906afd76d71294b7d4185d60945a7",
    "https://deno.land/x/harmony@v2.8.0/src/utils/delay.ts": "501d3ff33a1018c962d13c4de1db9e99e41c936f70c1119bc428f3ee0145eb8f",
    "https://deno.land/x/harmony@v2.8.0/src/utils/encoding.ts": "0b4f03476c39a72d81492f9b39a71f3e73abfef9fd5bfeb7ac987eb991c663be",
    "https://deno.land/x/harmony@v2.8.0/src/utils/err_fmt.ts": "37baddade1b1707a96b38363754310ce9b9d1e41dc394e646e7af4026bbaa359",
    "https://deno.land/x/harmony@v2.8.0/src/utils/events.ts": "e48093fd1f9371e243e04a048ca9c313163e4b2bed4178f2b2ab26ad7e04fc45",
    "https://deno.land/x/harmony@v2.8.0/src/utils/intents.ts": "03e67cad9a4480a989919d168a222413fdf8d7d3a65d74986eb9ebd3753ac098",
    "https://deno.land/x/harmony@v2.8.0/src/utils/interactions.ts": "8b9809dddf5e237a9f0a694b05764d48a8e334607411c3c2b73611a49f981b7d",
    "https://deno.land/x/harmony@v2.8.0/src/utils/oauthURL.ts": "f8f95d95d0ed637af25cb060d7d351132cd4e456635c08b7042fd59e4539d263",
    "https://deno.land/x/harmony@v2.8.0/src/utils/permissions.ts": "c0e03caf594414140544afe39142b70f4bd16c3f634b59917ead3566cd551c98",
    "https://deno.land/x/harmony@v2.8.0/src/utils/snakeCase.ts": "e634296601f4fe5b09e43ed3b491e3bac46dba5403622369cd47e4f79c0816d3",
    "https://deno.land/x/harmony@v2.8.0/src/utils/snowflake.ts": "a3715de195998b05fc9934a3db2017b6961ba57dd78b442c468763afd971fb2b",
    "https://deno.land/x/harmony@v2.8.0/src/utils/userFlags.ts": "71ed6753d17aad3e36dee9ada7b48159b17b5151f7a2bdb75a27b352e3b01c4b",
    "https://deno.land/x/redis@v0.25.1/connection.ts": "74e69aca7538367b8a95cd1e73e26d7fa483d409bbd7d645481a46344a067af3",
    "https://deno.land/x/redis@v0.25.1/errors.ts": "b4d05747d2002190593a8aa436442a9a62beae0a92351c49aeb1f8220c8401cf",
    "https://deno.land/x/redis@v0.25.1/executor.ts": "03e5f43df4e0c9c62b0e1be778811d45b6a1966ddf406e21ed5a227af70b7183",
    "https://deno.land/x/redis@v0.25.1/mod.ts": "bf89920411bfa366a65b1cd1175eb30f383d5357f90d70a95efd77f8bd78c36e",
    "https://deno.land/x/redis@v0.25.1/pipeline.ts": "ee2e736138f8428b8aba5b8efbc1ea7757a3b673caa1b1c02fe433a35e1d5de7",
    "https://deno.land/x/redis@v0.25.1/protocol/_util.ts": "0525f7f444a96b92cd36423abdfe221f8d8de4a018dc5cb6750a428a5fc897c2",
    "https://deno.land/x/redis@v0.25.1/protocol/command.ts": "027fc65461f22c1ea9a6a41de9f9e4ac39a359a2229df16b280b3cfd69be4eea",
    "https://deno.land/x/redis@v0.25.1/protocol/mod.ts": "e71efc7e605fc71e2816129e7a40a19a8053dc008adc17b1f56ae6f47e6506c4",
    "https://deno.land/x/redis@v0.25.1/protocol/reply.ts": "8f5517807b31a9da6aabd738e25433a9d36bca1a97cb1ac310156b58656a94aa",
    "https://deno.land/x/redis@v0.25.1/pubsub.ts": "a51807268fff329f315496611f0044c9d7dc6caf432b0b592c7179e250ccb818",
    "https://deno.land/x/redis@v0.25.1/redis.ts": "dfad3e83bc3ef61a4a918cf7e763f40919cbb3599fbb3baf2911bdeda193d4db",
    "https://deno.land/x/redis@v0.25.1/stream.ts": "fcbb29932755cdeb30e7f451bf3aa8d49b5df2c3897e1a4aaa25b210f0e865a2",
    "https://deno.land/x/redis@v0.25.1/vendor/https/deno.land/std/async/deferred.ts": "48221f12e1abb23728620251584636e0cffe6cdcb2aa50c266364a858dd763fa",
    "https://deno.land/x/redis@v0.25.1/vendor/https/deno.land/std/io/buffer.ts": "e37482327f62d4b602adaa4c9737a8c9ca05e0471d555e13adc6930134572f81",
    "https://esm.sh/ts-mixer@6.0.0": "fe408f4c565e701ce1c6b461cfae5d7b9338c31695ff07e91474f54b514f7b3a",
    "https://esm.sh/v126/ts-mixer@6.0.0/denonext/ts-mixer.mjs": "c517106d951327485f01557461f5fc1e6b107a3aa795a9476e7dbce008af022a",
    "https://unpkg.com/@evan/wasm@0.0.94/target/ed25519/deno.js": "9728126890f17b71cee41afdab8a4bc362f6b9f409fe0a5c4f6ca9f3b510fd3a",
    "https://unpkg.com/@evan/wasm@0.0.94/target/zlib/deno.js": "e65131e1c1f45e64960f2699a0b868927ea5c9201c4b986a7cfc57b18be5cc09"
  }
}
